# This file is automatically @generated by Cargo.
# It is not intended for manual editing.
version = 3

[[package]]
name = "tenaxfs-cli"
version = "0.1.0"
dependencies = [
 "tenaxfs-sim",
]

[[package]]
name = "tenaxfs-core"
version = "0.1.0"

[[package]]
name = "tenaxfs-flash"
version = "0.1.0"
dependencies = [
 "tenaxfs-core",
]

[[package]]
name = "tenaxfs-sim"
version = "0.1.0"
dependencies = [
 "tenaxfs-core",
 "tenaxfs-flash",
]
